
Microsoft Visual Studio Solution File, Format Version 12.00
# Visual Studio 15
VisualStudioVersion = 15.0.26124.0
MinimumVisualStudioVersion = 15.0.26124.0
Project("{2150E333-8FDC-42A3-9474-1A3956D46DE8}") = "src", "src", "{C63CE792-8AAB-4E47-8676-A1200061ACC6}"
EndProject
Project("{FAE04EC0-301F-11D3-BF4B-00C04F79EFBC}") = "VSCodeSnippetGenerator.Web", "src\VSCodeSnippetGenerator.Web\VSCodeSnippetGenerator.Web.csproj", "{A16E3BE9-36B9-45A1-889E-98E27DDEEB49}"
EndProject
Global
	GlobalSection(SolutionConfigurationPlatforms) = preSolution
		Debug|Any CPU = Debug|Any CPU
		Debug|x64 = Debug|x64
		Debug|x86 = Debug|x86
		Release|Any CPU = Release|Any CPU
		Release|x64 = Release|x64
		Release|x86 = Release|x86
	EndGlobalSection
	GlobalSection(SolutionProperties) = preSolution
		HideSolutionNode = FALSE
	EndGlobalSection
	GlobalSection(ProjectConfigurationPlatforms) = postSolution
		{A16E3BE9-36B9-45A1-889E-98E27DDEEB49}.Debug|Any CPU.ActiveCfg = Debug|Any CPU
		{A16E3BE9-36B9-45A1-889E-98E27DDEEB49}.Debug|Any CPU.Build.0 = Debug|Any CPU
		{A16E3BE9-36B9-45A1-889E-98E27DDEEB49}.Debug|x64.ActiveCfg = Debug|Any CPU
		{A16E3BE9-36B9-45A1-889E-98E27DDEEB49}.Debug|x64.Build.0 = Debug|Any CPU
		{A16E3BE9-36B9-45A1-889E-98E27DDEEB49}.Debug|x86.ActiveCfg = Debug|Any CPU
		{A16E3BE9-36B9-45A1-889E-98E27DDEEB49}.Debug|x86.Build.0 = Debug|Any CPU
		{A16E3BE9-36B9-45A1-889E-98E27DDEEB49}.Release|Any CPU.ActiveCfg = Release|Any CPU
		{A16E3BE9-36B9-45A1-889E-98E27DDEEB49}.Release|Any CPU.Build.0 = Release|Any CPU
		{A16E3BE9-36B9-45A1-889E-98E27DDEEB49}.Release|x64.ActiveCfg = Release|Any CPU
		{A16E3BE9-36B9-45A1-889E-98E27DDEEB49}.Release|x64.Build.0 = Release|Any CPU
		{A16E3BE9-36B9-45A1-889E-98E27DDEEB49}.Release|x86.ActiveCfg = Release|Any CPU
		{A16E3BE9-36B9-45A1-889E-98E27DDEEB49}.Release|x86.Build.0 = Release|Any CPU
	EndGlobalSection
	GlobalSection(NestedProjects) = preSolution
		{A16E3BE9-36B9-45A1-889E-98E27DDEEB49} = {C63CE792-8AAB-4E47-8676-A1200061ACC6}
	EndGlobalSection
EndGlobal
